
Microsoft Visual Studio Solution File, Format Version 12.00
# Visual Studio Version 17
VisualStudioVersion = 17.2.32516.85
MinimumVisualStudioVersion = 10.0.40219.1
Project("{FAE04EC0-301F-11D3-BF4B-00C04F79EFBC}") = "Dungeon", "Dungeon\Dungeon.csproj", "{B37EF654-8C26-472B-8CB1-DD6F2D376E30}"
EndProject
Project("{FAE04EC0-301F-11D3-BF4B-00C04F79EFBC}") = "DungeonLibrary", "DungeonLibrary\DungeonLibrary.csproj", "{A9DDA466-4462-443C-B8D9-A2B3377A4840}"
EndProject
Global
	GlobalSection(SolutionConfigurationPlatforms) = preSolution
		Debug|Any CPU = Debug|Any CPU
		Release|Any CPU = Release|Any CPU
	EndGlobalSection
	GlobalSection(ProjectConfigurationPlatforms) = postSolution
		{B37EF654-8C26-472B-8CB1-DD6F2D376E30}.Debug|Any CPU.ActiveCfg = Debug|Any CPU
		{B37EF654-8C26-472B-8CB1-DD6F2D376E30}.Debug|Any CPU.Build.0 = Debug|Any CPU
		{B37EF654-8C26-472B-8CB1-DD6F2D376E30}.Release|Any CPU.ActiveCfg = Release|Any CPU
		{B37EF654-8C26-472B-8CB1-DD6F2D376E30}.Release|Any CPU.Build.0 = Release|Any CPU
		{A9DDA466-4462-443C-B8D9-A2B3377A4840}.Debug|Any CPU.ActiveCfg = Debug|Any CPU
		{A9DDA466-4462-443C-B8D9-A2B3377A4840}.Debug|Any CPU.Build.0 = Debug|Any CPU
		{A9DDA466-4462-443C-B8D9-A2B3377A4840}.Release|Any CPU.ActiveCfg = Release|Any CPU
		{A9DDA466-4462-443C-B8D9-A2B3377A4840}.Release|Any CPU.Build.0 = Release|Any CPU
	EndGlobalSection
	GlobalSection(SolutionProperties) = preSolution
		HideSolutionNode = FALSE
	EndGlobalSection
	GlobalSection(ExtensibilityGlobals) = postSolution
		SolutionGuid = {591D57BF-A8F0-47AE-A49F-86A971CCB479}
	EndGlobalSection
EndGlobal
